
Microsoft Visual Studio Solution File, Format Version 12.00
# Visual Studio Version 17
VisualStudioVersion = 17.0.31912.275
MinimumVisualStudioVersion = 10.0.40219.1
Project("{FAE04EC0-301F-11D3-BF4B-00C04F79EFBC}") = "Vjezba 2 - klase i objekti", "Vjezba 2 - klase i objekti\Vjezba 2 - klase i objekti.csproj", "{E89A2267-59BF-4D55-8A33-71EE93D98CAF}"
EndProject
Global
	GlobalSection(SolutionConfigurationPlatforms) = preSolution
		Debug|Any CPU = Debug|Any CPU
		Release|Any CPU = Release|Any CPU
	EndGlobalSection
	GlobalSection(ProjectConfigurationPlatforms) = postSolution
		{E89A2267-59BF-4D55-8A33-71EE93D98CAF}.Debug|Any CPU.ActiveCfg = Debug|Any CPU
		{E89A2267-59BF-4D55-8A33-71EE93D98CAF}.Debug|Any CPU.Build.0 = Debug|Any CPU
		{E89A2267-59BF-4D55-8A33-71EE93D98CAF}.Release|Any CPU.ActiveCfg = Release|Any CPU
		{E89A2267-59BF-4D55-8A33-71EE93D98CAF}.Release|Any CPU.Build.0 = Release|Any CPU
	EndGlobalSection
	GlobalSection(SolutionProperties) = preSolution
		HideSolutionNode = FALSE
	EndGlobalSection
	GlobalSection(ExtensibilityGlobals) = postSolution
		SolutionGuid = {1AE54890-42E5-475A-B1C3-7F50CEA1EF31}
	EndGlobalSection
EndGlobal
